github.com/grafov/evdev v1.0.0 h1:/rsOssITVhM7GPMyvlT34kiAOnvYzKJnKvuOqaMYW7c=
github.com/grafov/evdev v1.0.0/go.mod h1:dcJfZnwr3VySHuphTV+Q0JcbP3AWR9W4WqbLeA3bG6U=
github.com/thiagokokada/hyprland-go v0.4.0 h1:SJQYVWYde240BjseQr7QRKRDCMdieKlaMO5RNWG2vh8=
github.com/thiagokokada/hyprland-go v0.4.0/go.mod h1:gUGbdxhD7QdvPpdEwsB09x0HzICPkhKAuCeY+LVx5YM=
